// !$*UTF8*$!
{
	archiveVersion = 1;
	classes = {
	};
	objectVersion = 55;
	objects = {

/* Begin PBXFileReference section */
		DA1BA7D4274260D60026D827 /* inc */ = {isa = PBXFileReference; lastKnownFileType = folder; path = inc; sourceTree = "<group>"; };
		DA1BA7D6274260D60026D827 /* RunQualityCheck.C */ = {isa = PBXFileReference; lastKnownFileType = sourcecode.cpp.cpp; path = RunQualityCheck.C; sourceTree = "<group>"; };
		DA1BA7D7274260D60026D827 /* README.md */ = {isa = PBXFileReference; lastKnownFileType = net.daringfireball.markdown; path = README.md; sourceTree = "<group>"; };
		DA1BA7D8274260D60026D827 /* src */ = {isa = PBXFileReference; lastKnownFileType = folder; path = src; sourceTree = "<group>"; };
/* End PBXFileReference section */

/* Begin PBXGroup section */
		DA1BA7CB274260AE0026D827 = {
			isa = PBXGroup;
			children = (
				DA1BA7D4274260D60026D827 /* inc */,
				DA1BA7D7274260D60026D827 /* README.md */,
				DA1BA7D6274260D60026D827 /* RunQualityCheck.C */,
				DA1BA7D8274260D60026D827 /* src */,
			);
			sourceTree = "<group>";
		};
/* End PBXGroup section */

/* Begin PBXProject section */
		DA1BA7CC274260AE0026D827 /* Project object */ = {
			isa = PBXProject;
			attributes = {
				BuildIndependentTargetsInParallel = 1;
				LastUpgradeCheck = 1300;
			};
			buildConfigurationList = DA1BA7CF274260AE0026D827 /* Build configuration list for PBXProject "AliAnalysisQA" */;
			compatibilityVersion = "Xcode 13.0";
			developmentRegion = en;
			hasScannedForEncodings = 0;
			knownRegions = (
				en,
				Base,
			);
			mainGroup = DA1BA7CB274260AE0026D827;
			projectDirPath = "";
			projectRoot = "";
			targets = (
			);
		};
/* End PBXProject section */

/* Begin XCBuildConfiguration section */
		DA1BA7D0274260AE0026D827 /* Debug */ = {
			isa = XCBuildConfiguration;
			buildSettings = {
			};
			name = Debug;
		};
		DA1BA7D1274260AE0026D827 /* Release */ = {
			isa = XCBuildConfiguration;
			buildSettings = {
			};
			name = Release;
		};
/* End XCBuildConfiguration section */

/* Begin XCConfigurationList section */
		DA1BA7CF274260AE0026D827 /* Build configuration list for PBXProject "AliAnalysisQA" */ = {
			isa = XCConfigurationList;
			buildConfigurations = (
				DA1BA7D0274260AE0026D827 /* Debug */,
				DA1BA7D1274260AE0026D827 /* Release */,
			);
			defaultConfigurationIsVisible = 0;
			defaultConfigurationName = Release;
		};
/* End XCConfigurationList section */
	};
	rootObject = DA1BA7CC274260AE0026D827 /* Project object */;
}
