// !$*UTF8*$!
{
	archiveVersion = 1;
	classes = {
	};
	objectVersion = 55;
	objects = {

/* Begin PBXFileReference section */
		DA45674D27AD60EB00B5E657 /* Run.sh */ = {isa = PBXFileReference; lastKnownFileType = text.script.sh; path = Run.sh; sourceTree = "<group>"; };
		DA45674E27AD629800B5E657 /* MCG_PhiAnalysis.C */ = {isa = PBXFileReference; lastKnownFileType = sourcecode.cpp.cpp; path = MCG_PhiAnalysis.C; sourceTree = "<group>"; };
		DACBB5CA27B18A1700573760 /* Pythia8.jdl */ = {isa = PBXFileReference; lastKnownFileType = text; path = Pythia8.jdl; sourceTree = "<group>"; };
/* End PBXFileReference section */

/* Begin PBXGroup section */
		DA45674227AD601200B5E657 = {
			isa = PBXGroup;
			children = (
				DACBB5CA27B18A1700573760 /* Pythia8.jdl */,
				DA45674D27AD60EB00B5E657 /* Run.sh */,
				DA45674E27AD629800B5E657 /* MCG_PhiAnalysis.C */,
			);
			sourceTree = "<group>";
		};
/* End PBXGroup section */

/* Begin PBXProject section */
		DA45674327AD601200B5E657 /* Project object */ = {
			isa = PBXProject;
			attributes = {
				BuildIndependentTargetsInParallel = 1;
				LastUpgradeCheck = 1300;
			};
			buildConfigurationList = DA45674627AD601200B5E657 /* Build configuration list for PBXProject "AliAnalysisGridJobTaskPhiCountMC" */;
			compatibilityVersion = "Xcode 13.0";
			developmentRegion = en;
			hasScannedForEncodings = 0;
			knownRegions = (
				en,
				Base,
			);
			mainGroup = DA45674227AD601200B5E657;
			projectDirPath = "";
			projectRoot = "";
			targets = (
			);
		};
/* End PBXProject section */

/* Begin XCBuildConfiguration section */
		DA45674727AD601200B5E657 /* Debug */ = {
			isa = XCBuildConfiguration;
			buildSettings = {
			};
			name = Debug;
		};
		DA45674827AD601200B5E657 /* Release */ = {
			isa = XCBuildConfiguration;
			buildSettings = {
			};
			name = Release;
		};
/* End XCBuildConfiguration section */

/* Begin XCConfigurationList section */
		DA45674627AD601200B5E657 /* Build configuration list for PBXProject "AliAnalysisGridJobTaskPhiCountMC" */ = {
			isa = XCConfigurationList;
			buildConfigurations = (
				DA45674727AD601200B5E657 /* Debug */,
				DA45674827AD601200B5E657 /* Release */,
			);
			defaultConfigurationIsVisible = 0;
			defaultConfigurationName = Release;
		};
/* End XCConfigurationList section */
	};
	rootObject = DA45674327AD601200B5E657 /* Project object */;
}
